
Microsoft Visual Studio Solution File, Format Version 12.00
# Visual Studio 15
VisualStudioVersion = 15.0.28307.438
MinimumVisualStudioVersion = 10.0.40219.1
Project("{FAE04EC0-301F-11D3-BF4B-00C04F79EFBC}") = "CommonLib", "CommonLib\CommonLib.csproj", "{6A57F066-50AD-48E2-A55D-EB8AB644569B}"
EndProject
Project("{FAE04EC0-301F-11D3-BF4B-00C04F79EFBC}") = "CommonLibTest", "CommonLibTest\CommonLibTest.csproj", "{A3770B9F-1399-4135-B36F-06CFD5CA57AF}"
EndProject
Project("{FAE04EC0-301F-11D3-BF4B-00C04F79EFBC}") = "CopyDataTool", "CopyDataTool\CopyDataTool.csproj", "{37EC74CA-D7C5-4A12-9BCB-E7360740A7C4}"
EndProject
Project("{FAE04EC0-301F-11D3-BF4B-00C04F79EFBC}") = "CsvCliTool", "CsvCli\CsvCliTool.csproj", "{59A6B6E0-3E73-47D3-B384-11F6F2AF03E3}"
EndProject
Project("{FAE04EC0-301F-11D3-BF4B-00C04F79EFBC}") = "CryptoTool", "CryptoTool\CryptoTool.csproj", "{B907FB69-99BD-4D2E-8905-F0B6B5434FD6}"
EndProject
Project("{FAE04EC0-301F-11D3-BF4B-00C04F79EFBC}") = "DataTools", "DataTools\DataTools.csproj", "{359E45AC-B8D5-4E05-B9F9-399D1151F825}"
EndProject
Project("{FAE04EC0-301F-11D3-BF4B-00C04F79EFBC}") = "DataSyncService", "DataSyncService\DataSyncService.csproj", "{277DB875-BA48-498D-8D8E-7A2A8B204F50}"
EndProject
Project("{FAE04EC0-301F-11D3-BF4B-00C04F79EFBC}") = "RoadReserchTool", "RoadReserchTool\RoadReserchTool.csproj", "{93216004-87D1-4805-948B-DDC63FD858DC}"
EndProject
Project("{FAE04EC0-301F-11D3-BF4B-00C04F79EFBC}") = "MonthReportTool", "MonthReportTool\MonthReportTool.csproj", "{D499FEE5-C531-4805-80F7-DCB22753FBFC}"
EndProject
Global
	GlobalSection(SolutionConfigurationPlatforms) = preSolution
		Debug|Any CPU = Debug|Any CPU
		Debug|ARM = Debug|ARM
		Debug|ARM64 = Debug|ARM64
		Debug|x64 = Debug|x64
		Debug|x86 = Debug|x86
		Release|Any CPU = Release|Any CPU
		Release|ARM = Release|ARM
		Release|ARM64 = Release|ARM64
		Release|x64 = Release|x64
		Release|x86 = Release|x86
	EndGlobalSection
	GlobalSection(ProjectConfigurationPlatforms) = postSolution
		{6A57F066-50AD-48E2-A55D-EB8AB644569B}.Debug|Any CPU.ActiveCfg = Debug|Any CPU
		{6A57F066-50AD-48E2-A55D-EB8AB644569B}.Debug|Any CPU.Build.0 = Debug|Any CPU
		{6A57F066-50AD-48E2-A55D-EB8AB644569B}.Debug|ARM.ActiveCfg = Debug|Any CPU
		{6A57F066-50AD-48E2-A55D-EB8AB644569B}.Debug|ARM.Build.0 = Debug|Any CPU
		{6A57F066-50AD-48E2-A55D-EB8AB644569B}.Debug|ARM64.ActiveCfg = Debug|Any CPU
		{6A57F066-50AD-48E2-A55D-EB8AB644569B}.Debug|ARM64.Build.0 = Debug|Any CPU
		{6A57F066-50AD-48E2-A55D-EB8AB644569B}.Debug|x64.ActiveCfg = Debug|Any CPU
		{6A57F066-50AD-48E2-A55D-EB8AB644569B}.Debug|x64.Build.0 = Debug|Any CPU
		{6A57F066-50AD-48E2-A55D-EB8AB644569B}.Debug|x86.ActiveCfg = Debug|Any CPU
		{6A57F066-50AD-48E2-A55D-EB8AB644569B}.Debug|x86.Build.0 = Debug|Any CPU
		{6A57F066-50AD-48E2-A55D-EB8AB644569B}.Release|Any CPU.ActiveCfg = Release|Any CPU
		{6A57F066-50AD-48E2-A55D-EB8AB644569B}.Release|Any CPU.Build.0 = Release|Any CPU
		{6A57F066-50AD-48E2-A55D-EB8AB644569B}.Release|ARM.ActiveCfg = Release|Any CPU
		{6A57F066-50AD-48E2-A55D-EB8AB644569B}.Release|ARM.Build.0 = Release|Any CPU
		{6A57F066-50AD-48E2-A55D-EB8AB644569B}.Release|ARM64.ActiveCfg = Release|Any CPU
		{6A57F066-50AD-48E2-A55D-EB8AB644569B}.Release|ARM64.Build.0 = Release|Any CPU
		{6A57F066-50AD-48E2-A55D-EB8AB644569B}.Release|x64.ActiveCfg = Release|Any CPU
		{6A57F066-50AD-48E2-A55D-EB8AB644569B}.Release|x64.Build.0 = Release|Any CPU
		{6A57F066-50AD-48E2-A55D-EB8AB644569B}.Release|x86.ActiveCfg = Release|Any CPU
		{6A57F066-50AD-48E2-A55D-EB8AB644569B}.Release|x86.Build.0 = Release|Any CPU
		{A3770B9F-1399-4135-B36F-06CFD5CA57AF}.Debug|Any CPU.ActiveCfg = Debug|Any CPU
		{A3770B9F-1399-4135-B36F-06CFD5CA57AF}.Debug|Any CPU.Build.0 = Debug|Any CPU
		{A3770B9F-1399-4135-B36F-06CFD5CA57AF}.Debug|ARM.ActiveCfg = Debug|Any CPU
		{A3770B9F-1399-4135-B36F-06CFD5CA57AF}.Debug|ARM.Build.0 = Debug|Any CPU
		{A3770B9F-1399-4135-B36F-06CFD5CA57AF}.Debug|ARM64.ActiveCfg = Debug|Any CPU
		{A3770B9F-1399-4135-B36F-06CFD5CA57AF}.Debug|ARM64.Build.0 = Debug|Any CPU
		{A3770B9F-1399-4135-B36F-06CFD5CA57AF}.Debug|x64.ActiveCfg = Debug|Any CPU
		{A3770B9F-1399-4135-B36F-06CFD5CA57AF}.Debug|x64.Build.0 = Debug|Any CPU
		{A3770B9F-1399-4135-B36F-06CFD5CA57AF}.Debug|x86.ActiveCfg = Debug|Any CPU
		{A3770B9F-1399-4135-B36F-06CFD5CA57AF}.Debug|x86.Build.0 = Debug|Any CPU
		{A3770B9F-1399-4135-B36F-06CFD5CA57AF}.Release|Any CPU.ActiveCfg = Release|Any CPU
		{A3770B9F-1399-4135-B36F-06CFD5CA57AF}.Release|Any CPU.Build.0 = Release|Any CPU
		{A3770B9F-1399-4135-B36F-06CFD5CA57AF}.Release|ARM.ActiveCfg = Release|Any CPU
		{A3770B9F-1399-4135-B36F-06CFD5CA57AF}.Release|ARM.Build.0 = Release|Any CPU
		{A3770B9F-1399-4135-B36F-06CFD5CA57AF}.Release|ARM64.ActiveCfg = Release|Any CPU
		{A3770B9F-1399-4135-B36F-06CFD5CA57AF}.Release|ARM64.Build.0 = Release|Any CPU
		{A3770B9F-1399-4135-B36F-06CFD5CA57AF}.Release|x64.ActiveCfg = Release|Any CPU
		{A3770B9F-1399-4135-B36F-06CFD5CA57AF}.Release|x64.Build.0 = Release|Any CPU
		{A3770B9F-1399-4135-B36F-06CFD5CA57AF}.Release|x86.ActiveCfg = Release|Any CPU
		{A3770B9F-1399-4135-B36F-06CFD5CA57AF}.Release|x86.Build.0 = Release|Any CPU
		{37EC74CA-D7C5-4A12-9BCB-E7360740A7C4}.Debug|Any CPU.ActiveCfg = Debug|Any CPU
		{37EC74CA-D7C5-4A12-9BCB-E7360740A7C4}.Debug|Any CPU.Build.0 = Debug|Any CPU
		{37EC74CA-D7C5-4A12-9BCB-E7360740A7C4}.Debug|ARM.ActiveCfg = Debug|Any CPU
		{37EC74CA-D7C5-4A12-9BCB-E7360740A7C4}.Debug|ARM.Build.0 = Debug|Any CPU
		{37EC74CA-D7C5-4A12-9BCB-E7360740A7C4}.Debug|ARM64.ActiveCfg = Debug|Any CPU
		{37EC74CA-D7C5-4A12-9BCB-E7360740A7C4}.Debug|ARM64.Build.0 = Debug|Any CPU
		{37EC74CA-D7C5-4A12-9BCB-E7360740A7C4}.Debug|x64.ActiveCfg = Debug|Any CPU
		{37EC74CA-D7C5-4A12-9BCB-E7360740A7C4}.Debug|x64.Build.0 = Debug|Any CPU
		{37EC74CA-D7C5-4A12-9BCB-E7360740A7C4}.Debug|x86.ActiveCfg = Debug|Any CPU
		{37EC74CA-D7C5-4A12-9BCB-E7360740A7C4}.Debug|x86.Build.0 = Debug|Any CPU
		{37EC74CA-D7C5-4A12-9BCB-E7360740A7C4}.Release|Any CPU.ActiveCfg = Release|Any CPU
		{37EC74CA-D7C5-4A12-9BCB-E7360740A7C4}.Release|Any CPU.Build.0 = Release|Any CPU
		{37EC74CA-D7C5-4A12-9BCB-E7360740A7C4}.Release|ARM.ActiveCfg = Release|Any CPU
		{37EC74CA-D7C5-4A12-9BCB-E7360740A7C4}.Release|ARM.Build.0 = Release|Any CPU
		{37EC74CA-D7C5-4A12-9BCB-E7360740A7C4}.Release|ARM64.ActiveCfg = Release|Any CPU
		{37EC74CA-D7C5-4A12-9BCB-E7360740A7C4}.Release|ARM64.Build.0 = Release|Any CPU
		{37EC74CA-D7C5-4A12-9BCB-E7360740A7C4}.Release|x64.ActiveCfg = Release|Any CPU
		{37EC74CA-D7C5-4A12-9BCB-E7360740A7C4}.Release|x64.Build.0 = Release|Any CPU
		{37EC74CA-D7C5-4A12-9BCB-E7360740A7C4}.Release|x86.ActiveCfg = Release|Any CPU
		{37EC74CA-D7C5-4A12-9BCB-E7360740A7C4}.Release|x86.Build.0 = Release|Any CPU
		{59A6B6E0-3E73-47D3-B384-11F6F2AF03E3}.Debug|Any CPU.ActiveCfg = Debug|Any CPU
		{59A6B6E0-3E73-47D3-B384-11F6F2AF03E3}.Debug|Any CPU.Build.0 = Debug|Any CPU
		{59A6B6E0-3E73-47D3-B384-11F6F2AF03E3}.Debug|ARM.ActiveCfg = Debug|Any CPU
		{59A6B6E0-3E73-47D3-B384-11F6F2AF03E3}.Debug|ARM.Build.0 = Debug|Any CPU
		{59A6B6E0-3E73-47D3-B384-11F6F2AF03E3}.Debug|ARM64.ActiveCfg = Debug|Any CPU
		{59A6B6E0-3E73-47D3-B384-11F6F2AF03E3}.Debug|ARM64.Build.0 = Debug|Any CPU
		{59A6B6E0-3E73-47D3-B384-11F6F2AF03E3}.Debug|x64.ActiveCfg = Debug|Any CPU
		{59A6B6E0-3E73-47D3-B384-11F6F2AF03E3}.Debug|x64.Build.0 = Debug|Any CPU
		{59A6B6E0-3E73-47D3-B384-11F6F2AF03E3}.Debug|x86.ActiveCfg = Debug|Any CPU
		{59A6B6E0-3E73-47D3-B384-11F6F2AF03E3}.Debug|x86.Build.0 = Debug|Any CPU
		{59A6B6E0-3E73-47D3-B384-11F6F2AF03E3}.Release|Any CPU.ActiveCfg = Release|Any CPU
		{59A6B6E0-3E73-47D3-B384-11F6F2AF03E3}.Release|Any CPU.Build.0 = Release|Any CPU
		{59A6B6E0-3E73-47D3-B384-11F6F2AF03E3}.Release|ARM.ActiveCfg = Release|Any CPU
		{59A6B6E0-3E73-47D3-B384-11F6F2AF03E3}.Release|ARM.Build.0 = Release|Any CPU
		{59A6B6E0-3E73-47D3-B384-11F6F2AF03E3}.Release|ARM64.ActiveCfg = Release|Any CPU
		{59A6B6E0-3E73-47D3-B384-11F6F2AF03E3}.Release|ARM64.Build.0 = Release|Any CPU
		{59A6B6E0-3E73-47D3-B384-11F6F2AF03E3}.Release|x64.ActiveCfg = Release|Any CPU
		{59A6B6E0-3E73-47D3-B384-11F6F2AF03E3}.Release|x64.Build.0 = Release|Any CPU
		{59A6B6E0-3E73-47D3-B384-11F6F2AF03E3}.Release|x86.ActiveCfg = Release|Any CPU
		{59A6B6E0-3E73-47D3-B384-11F6F2AF03E3}.Release|x86.Build.0 = Release|Any CPU
		{B907FB69-99BD-4D2E-8905-F0B6B5434FD6}.Debug|Any CPU.ActiveCfg = Debug|Any CPU
		{B907FB69-99BD-4D2E-8905-F0B6B5434FD6}.Debug|Any CPU.Build.0 = Debug|Any CPU
		{B907FB69-99BD-4D2E-8905-F0B6B5434FD6}.Debug|ARM.ActiveCfg = Debug|Any CPU
		{B907FB69-99BD-4D2E-8905-F0B6B5434FD6}.Debug|ARM.Build.0 = Debug|Any CPU
		{B907FB69-99BD-4D2E-8905-F0B6B5434FD6}.Debug|ARM64.ActiveCfg = Debug|Any CPU
		{B907FB69-99BD-4D2E-8905-F0B6B5434FD6}.Debug|ARM64.Build.0 = Debug|Any CPU
		{B907FB69-99BD-4D2E-8905-F0B6B5434FD6}.Debug|x64.ActiveCfg = Debug|Any CPU
		{B907FB69-99BD-4D2E-8905-F0B6B5434FD6}.Debug|x64.Build.0 = Debug|Any CPU
		{B907FB69-99BD-4D2E-8905-F0B6B5434FD6}.Debug|x86.ActiveCfg = Debug|Any CPU
		{B907FB69-99BD-4D2E-8905-F0B6B5434FD6}.Debug|x86.Build.0 = Debug|Any CPU
		{B907FB69-99BD-4D2E-8905-F0B6B5434FD6}.Release|Any CPU.ActiveCfg = Release|Any CPU
		{B907FB69-99BD-4D2E-8905-F0B6B5434FD6}.Release|Any CPU.Build.0 = Release|Any CPU
		{B907FB69-99BD-4D2E-8905-F0B6B5434FD6}.Release|ARM.ActiveCfg = Release|Any CPU
		{B907FB69-99BD-4D2E-8905-F0B6B5434FD6}.Release|ARM.Build.0 = Release|Any CPU
		{B907FB69-99BD-4D2E-8905-F0B6B5434FD6}.Release|ARM64.ActiveCfg = Release|Any CPU
		{B907FB69-99BD-4D2E-8905-F0B6B5434FD6}.Release|ARM64.Build.0 = Release|Any CPU
		{B907FB69-99BD-4D2E-8905-F0B6B5434FD6}.Release|x64.ActiveCfg = Release|Any CPU
		{B907FB69-99BD-4D2E-8905-F0B6B5434FD6}.Release|x64.Build.0 = Release|Any CPU
		{B907FB69-99BD-4D2E-8905-F0B6B5434FD6}.Release|x86.ActiveCfg = Release|Any CPU
		{B907FB69-99BD-4D2E-8905-F0B6B5434FD6}.Release|x86.Build.0 = Release|Any CPU
		{359E45AC-B8D5-4E05-B9F9-399D1151F825}.Debug|Any CPU.ActiveCfg = Debug|Any CPU
		{359E45AC-B8D5-4E05-B9F9-399D1151F825}.Debug|Any CPU.Build.0 = Debug|Any CPU
		{359E45AC-B8D5-4E05-B9F9-399D1151F825}.Debug|ARM.ActiveCfg = Debug|Any CPU
		{359E45AC-B8D5-4E05-B9F9-399D1151F825}.Debug|ARM.Build.0 = Debug|Any CPU
		{359E45AC-B8D5-4E05-B9F9-399D1151F825}.Debug|ARM64.ActiveCfg = Debug|Any CPU
		{359E45AC-B8D5-4E05-B9F9-399D1151F825}.Debug|ARM64.Build.0 = Debug|Any CPU
		{359E45AC-B8D5-4E05-B9F9-399D1151F825}.Debug|x64.ActiveCfg = Debug|Any CPU
		{359E45AC-B8D5-4E05-B9F9-399D1151F825}.Debug|x64.Build.0 = Debug|Any CPU
		{359E45AC-B8D5-4E05-B9F9-399D1151F825}.Debug|x86.ActiveCfg = Debug|Any CPU
		{359E45AC-B8D5-4E05-B9F9-399D1151F825}.Debug|x86.Build.0 = Debug|Any CPU
		{359E45AC-B8D5-4E05-B9F9-399D1151F825}.Release|Any CPU.ActiveCfg = Release|Any CPU
		{359E45AC-B8D5-4E05-B9F9-399D1151F825}.Release|Any CPU.Build.0 = Release|Any CPU
		{359E45AC-B8D5-4E05-B9F9-399D1151F825}.Release|ARM.ActiveCfg = Release|Any CPU
		{359E45AC-B8D5-4E05-B9F9-399D1151F825}.Release|ARM.Build.0 = Release|Any CPU
		{359E45AC-B8D5-4E05-B9F9-399D1151F825}.Release|ARM64.ActiveCfg = Release|Any CPU
		{359E45AC-B8D5-4E05-B9F9-399D1151F825}.Release|ARM64.Build.0 = Release|Any CPU
		{359E45AC-B8D5-4E05-B9F9-399D1151F825}.Release|x64.ActiveCfg = Release|Any CPU
		{359E45AC-B8D5-4E05-B9F9-399D1151F825}.Release|x64.Build.0 = Release|Any CPU
		{359E45AC-B8D5-4E05-B9F9-399D1151F825}.Release|x86.ActiveCfg = Release|Any CPU
		{359E45AC-B8D5-4E05-B9F9-399D1151F825}.Release|x86.Build.0 = Release|Any CPU
		{277DB875-BA48-498D-8D8E-7A2A8B204F50}.Debug|Any CPU.ActiveCfg = Debug|Any CPU
		{277DB875-BA48-498D-8D8E-7A2A8B204F50}.Debug|Any CPU.Build.0 = Debug|Any CPU
		{277DB875-BA48-498D-8D8E-7A2A8B204F50}.Debug|ARM.ActiveCfg = Debug|Any CPU
		{277DB875-BA48-498D-8D8E-7A2A8B204F50}.Debug|ARM.Build.0 = Debug|Any CPU
		{277DB875-BA48-498D-8D8E-7A2A8B204F50}.Debug|ARM64.ActiveCfg = Debug|Any CPU
		{277DB875-BA48-498D-8D8E-7A2A8B204F50}.Debug|ARM64.Build.0 = Debug|Any CPU
		{277DB875-BA48-498D-8D8E-7A2A8B204F50}.Debug|x64.ActiveCfg = Debug|Any CPU
		{277DB875-BA48-498D-8D8E-7A2A8B204F50}.Debug|x64.Build.0 = Debug|Any CPU
		{277DB875-BA48-498D-8D8E-7A2A8B204F50}.Debug|x86.ActiveCfg = Debug|Any CPU
		{277DB875-BA48-498D-8D8E-7A2A8B204F50}.Debug|x86.Build.0 = Debug|Any CPU
		{277DB875-BA48-498D-8D8E-7A2A8B204F50}.Release|Any CPU.ActiveCfg = Release|Any CPU
		{277DB875-BA48-498D-8D8E-7A2A8B204F50}.Release|Any CPU.Build.0 = Release|Any CPU
		{277DB875-BA48-498D-8D8E-7A2A8B204F50}.Release|ARM.ActiveCfg = Release|Any CPU
		{277DB875-BA48-498D-8D8E-7A2A8B204F50}.Release|ARM.Build.0 = Release|Any CPU
		{277DB875-BA48-498D-8D8E-7A2A8B204F50}.Release|ARM64.ActiveCfg = Release|Any CPU
		{277DB875-BA48-498D-8D8E-7A2A8B204F50}.Release|ARM64.Build.0 = Release|Any CPU
		{277DB875-BA48-498D-8D8E-7A2A8B204F50}.Release|x64.ActiveCfg = Release|Any CPU
		{277DB875-BA48-498D-8D8E-7A2A8B204F50}.Release|x64.Build.0 = Release|Any CPU
		{277DB875-BA48-498D-8D8E-7A2A8B204F50}.Release|x86.ActiveCfg = Release|Any CPU
		{277DB875-BA48-498D-8D8E-7A2A8B204F50}.Release|x86.Build.0 = Release|Any CPU
		{93216004-87D1-4805-948B-DDC63FD858DC}.Debug|Any CPU.ActiveCfg = Debug|Any CPU
		{93216004-87D1-4805-948B-DDC63FD858DC}.Debug|Any CPU.Build.0 = Debug|Any CPU
		{93216004-87D1-4805-948B-DDC63FD858DC}.Debug|ARM.ActiveCfg = Debug|Any CPU
		{93216004-87D1-4805-948B-DDC63FD858DC}.Debug|ARM.Build.0 = Debug|Any CPU
		{93216004-87D1-4805-948B-DDC63FD858DC}.Debug|ARM64.ActiveCfg = Debug|Any CPU
		{93216004-87D1-4805-948B-DDC63FD858DC}.Debug|ARM64.Build.0 = Debug|Any CPU
		{93216004-87D1-4805-948B-DDC63FD858DC}.Debug|x64.ActiveCfg = Debug|Any CPU
		{93216004-87D1-4805-948B-DDC63FD858DC}.Debug|x64.Build.0 = Debug|Any CPU
		{93216004-87D1-4805-948B-DDC63FD858DC}.Debug|x86.ActiveCfg = Debug|Any CPU
		{93216004-87D1-4805-948B-DDC63FD858DC}.Debug|x86.Build.0 = Debug|Any CPU
		{93216004-87D1-4805-948B-DDC63FD858DC}.Release|Any CPU.ActiveCfg = Release|Any CPU
		{93216004-87D1-4805-948B-DDC63FD858DC}.Release|Any CPU.Build.0 = Release|Any CPU
		{93216004-87D1-4805-948B-DDC63FD858DC}.Release|ARM.ActiveCfg = Release|Any CPU
		{93216004-87D1-4805-948B-DDC63FD858DC}.Release|ARM.Build.0 = Release|Any CPU
		{93216004-87D1-4805-948B-DDC63FD858DC}.Release|ARM64.ActiveCfg = Release|Any CPU
		{93216004-87D1-4805-948B-DDC63FD858DC}.Release|ARM64.Build.0 = Release|Any CPU
		{93216004-87D1-4805-948B-DDC63FD858DC}.Release|x64.ActiveCfg = Release|Any CPU
		{93216004-87D1-4805-948B-DDC63FD858DC}.Release|x64.Build.0 = Release|Any CPU
		{93216004-87D1-4805-948B-DDC63FD858DC}.Release|x86.ActiveCfg = Release|Any CPU
		{93216004-87D1-4805-948B-DDC63FD858DC}.Release|x86.Build.0 = Release|Any CPU
		{D499FEE5-C531-4805-80F7-DCB22753FBFC}.Debug|Any CPU.ActiveCfg = Debug|Any CPU
		{D499FEE5-C531-4805-80F7-DCB22753FBFC}.Debug|Any CPU.Build.0 = Debug|Any CPU
		{D499FEE5-C531-4805-80F7-DCB22753FBFC}.Debug|ARM.ActiveCfg = Debug|Any CPU
		{D499FEE5-C531-4805-80F7-DCB22753FBFC}.Debug|ARM.Build.0 = Debug|Any CPU
		{D499FEE5-C531-4805-80F7-DCB22753FBFC}.Debug|ARM64.ActiveCfg = Debug|Any CPU
		{D499FEE5-C531-4805-80F7-DCB22753FBFC}.Debug|ARM64.Build.0 = Debug|Any CPU
		{D499FEE5-C531-4805-80F7-DCB22753FBFC}.Debug|x64.ActiveCfg = Debug|Any CPU
		{D499FEE5-C531-4805-80F7-DCB22753FBFC}.Debug|x64.Build.0 = Debug|Any CPU
		{D499FEE5-C531-4805-80F7-DCB22753FBFC}.Debug|x86.ActiveCfg = Debug|Any CPU
		{D499FEE5-C531-4805-80F7-DCB22753FBFC}.Debug|x86.Build.0 = Debug|Any CPU
		{D499FEE5-C531-4805-80F7-DCB22753FBFC}.Release|Any CPU.ActiveCfg = Release|Any CPU
		{D499FEE5-C531-4805-80F7-DCB22753FBFC}.Release|Any CPU.Build.0 = Release|Any CPU
		{D499FEE5-C531-4805-80F7-DCB22753FBFC}.Release|ARM.ActiveCfg = Release|Any CPU
		{D499FEE5-C531-4805-80F7-DCB22753FBFC}.Release|ARM.Build.0 = Release|Any CPU
		{D499FEE5-C531-4805-80F7-DCB22753FBFC}.Release|ARM64.ActiveCfg = Release|Any CPU
		{D499FEE5-C531-4805-80F7-DCB22753FBFC}.Release|ARM64.Build.0 = Release|Any CPU
		{D499FEE5-C531-4805-80F7-DCB22753FBFC}.Release|x64.ActiveCfg = Release|Any CPU
		{D499FEE5-C531-4805-80F7-DCB22753FBFC}.Release|x64.Build.0 = Release|Any CPU
		{D499FEE5-C531-4805-80F7-DCB22753FBFC}.Release|x86.ActiveCfg = Release|Any CPU
		{D499FEE5-C531-4805-80F7-DCB22753FBFC}.Release|x86.Build.0 = Release|Any CPU
	EndGlobalSection
	GlobalSection(SolutionProperties) = preSolution
		HideSolutionNode = FALSE
	EndGlobalSection
	GlobalSection(ExtensibilityGlobals) = postSolution
		SolutionGuid = {7CB2E847-39F1-43FC-8035-ACC3A54603B1}
	EndGlobalSection
EndGlobal
